
Microsoft Visual Studio Solution File, Format Version 12.00
# Visual Studio Version 17
VisualStudioVersion = 17.13.35825.156 d17.13
MinimumVisualStudioVersion = 10.0.40219.1
Project("{FAE04EC0-301F-11D3-BF4B-00C04F79EFBC}") = "BookingReviewApp", "BookingReviewApp\BookingReviewApp.csproj", "{92A21A21-BA81-4F5E-AEC1-34E87593C5EC}"
EndProject
Global
	GlobalSection(SolutionConfigurationPlatforms) = preSolution
		Debug|Any CPU = Debug|Any CPU
		Release|Any CPU = Release|Any CPU
	EndGlobalSection
	GlobalSection(ProjectConfigurationPlatforms) = postSolution
		{92A21A21-BA81-4F5E-AEC1-34E87593C5EC}.Debug|Any CPU.ActiveCfg = Debug|Any CPU
		{92A21A21-BA81-4F5E-AEC1-34E87593C5EC}.Debug|Any CPU.Build.0 = Debug|Any CPU
		{92A21A21-BA81-4F5E-AEC1-34E87593C5EC}.Release|Any CPU.ActiveCfg = Release|Any CPU
		{92A21A21-BA81-4F5E-AEC1-34E87593C5EC}.Release|Any CPU.Build.0 = Release|Any CPU
	EndGlobalSection
	GlobalSection(SolutionProperties) = preSolution
		HideSolutionNode = FALSE
	EndGlobalSection
	GlobalSection(ExtensibilityGlobals) = postSolution
		SolutionGuid = {3D41EF18-19D6-4BDC-BD14-D3D6E6A833F3}
	EndGlobalSection
EndGlobal
